Microsoft Visual Studio Solution File, Format Version 12.00
# Visual Studio Version 17
VisualStudioVersion = 17.13.35716.79
MinimumVisualStudioVersion = 10.0.40219.1
Project("{FAE04EC0-301F-11D3-BF4B-00C04F79EFBC}") = "Lab6_Daneliuk", "Lab6_Daneliuk\Lab6_Daneliuk.csproj", "{FE785565-03D8-402D-B837-241515AC51B7}"
EndProject
Global
	GlobalSection(SolutionConfigurationPlatforms) = preSolution
		Debug|Any CPU = Debug|Any CPU
		Release|Any CPU = Release|Any CPU
	EndGlobalSection
	GlobalSection(ProjectConfigurationPlatforms) = postSolution
		{FE785565-03D8-402D-B837-241515AC51B7}.Debug|Any CPU.ActiveCfg = Debug|Any CPU
		{FE785565-03D8-402D-B837-241515AC51B7}.Debug|Any CPU.Build.0 = Debug|Any CPU
		{FE785565-03D8-402D-B837-241515AC51B7}.Release|Any CPU.ActiveCfg = Release|Any CPU
		{FE785565-03D8-402D-B837-241515AC51B7}.Release|Any CPU.Build.0 = Release|Any CPU
	EndGlobalSection
	GlobalSection(SolutionProperties) = preSolution
		HideSolutionNode = FALSE
	EndGlobalSection
	GlobalSection(ExtensibilityGlobals) = postSolution
		SolutionGuid = {DBB9F03C-92A8-4F2F-A49D-895D203794D7}
	EndGlobalSection
EndGlobal
